
Microsoft Visual Studio Solution File, Format Version 12.00
# Visual Studio Version 16
VisualStudioVersion = 16.0.28803.202
MinimumVisualStudioVersion = 10.0.40219.1
Project("{2150E333-8FDC-42A3-9474-1A3956D46DE8}") = "Test", "Test", "{C8632105-893E-488D-8C7C-15E510ED475C}"
EndProject
Project("{9A19103F-16F7-4668-BE54-9A1E7A4F7556}") = "NetxBuilder", "NetxBuilder\NetxBuilder.csproj", "{43D50892-B702-443C-8CBA-F50CF280A516}"
EndProject
Project("{9A19103F-16F7-4668-BE54-9A1E7A4F7556}") = "NetxBuildAddin.Fody", "NetxBuildAddin.Fody\NetxBuildAddin.Fody.csproj", "{5E201946-8DCB-4C5B-8026-1B56F652F500}"
EndProject
Project("{9A19103F-16F7-4668-BE54-9A1E7A4F7556}") = "NetxFrame", "NetxFrame\NetxFrame.csproj", "{C5DBF949-AA11-46C1-BAA2-8382C8DF206C}"
EndProject
Project("{9A19103F-16F7-4668-BE54-9A1E7A4F7556}") = "NetxClient", "NetxClient\NetxClient.csproj", "{E6423C5A-AEFF-4F9C-9E10-E583F4BFDB7A}"
EndProject
Project("{9A19103F-16F7-4668-BE54-9A1E7A4F7556}") = "NetxServer", "NetxServer\NetxServer.csproj", "{463B7860-C594-4676-91B1-F618BC153372}"
EndProject
Project("{9A19103F-16F7-4668-BE54-9A1E7A4F7556}") = "TestFody", "Test\TestFody\TestFody.csproj", "{BFDDB297-98DD-4DF1-BC9E-802893997AA6}"
EndProject
Project("{9A19103F-16F7-4668-BE54-9A1E7A4F7556}") = "TPSTestServer", "Test\TPSTestServer\TPSTestServer.csproj", "{01031C7F-E52E-4F27-B563-6E1882869C07}"
EndProject
Project("{9A19103F-16F7-4668-BE54-9A1E7A4F7556}") = "TPSTestClient", "Test\TPSTestClient\TPSTestClient.csproj", "{92E94AC4-6D31-4259-90D8-145D2CAD9E51}"
EndProject
Project("{9A19103F-16F7-4668-BE54-9A1E7A4F7556}") = "TestNetxClient", "Test\TestNetxClient\TestNetxClient.csproj", "{A56B987C-41B7-47DD-B9F2-19F73DDE4A3F}"
EndProject
Project("{9A19103F-16F7-4668-BE54-9A1E7A4F7556}") = "NetxActor", "NetxActor\NetxActor.csproj", "{E4B9F09C-723B-4D61-AC0A-A25C585D95E6}"
EndProject
Project("{9A19103F-16F7-4668-BE54-9A1E7A4F7556}") = "TestNetxServer", "Test\TestNetxServer\TestNetxServer.csproj", "{F9456D68-B140-4B97-9D27-75700A40227B}"
EndProject
Project("{9A19103F-16F7-4668-BE54-9A1E7A4F7556}") = "ActorTest", "Test\ActorTest\ActorTest.csproj", "{3F705D84-D9A6-4808-9890-82D539D0B4DC}"
EndProject
Project("{2150E333-8FDC-42A3-9474-1A3956D46DE8}") = "InterfaceTAG", "InterfaceTAG", "{E01D165A-1E31-42A4-A434-7F6CA530C810}"
EndProject
Project("{9A19103F-16F7-4668-BE54-9A1E7A4F7556}") = "Server", "Test\InterfaceTag\Server\Server.csproj", "{849936B3-9718-4D60-B372-21E166B6C21F}"
EndProject
Project("{9A19103F-16F7-4668-BE54-9A1E7A4F7556}") = "Client", "Test\InterfaceTag\Client\Client.csproj", "{73AAA1C8-C539-41A3-95B8-76E76A157C0F}"
EndProject
Project("{9A19103F-16F7-4668-BE54-9A1E7A4F7556}") = "Akka_EventNext_NetX_TpsTest", "Test\AkkaNetTpsTest\Akka_EventNext_NetX_TpsTest.csproj", "{FB4CE23B-D63B-4661-BDD5-1A13779802A3}"
EndProject
Project("{2150E333-8FDC-42A3-9474-1A3956D46DE8}") = "TestSerialization", "TestSerialization", "{2BDDDC12-8FE4-4D7C-A266-6104EDB8C161}"
EndProject
Project("{9A19103F-16F7-4668-BE54-9A1E7A4F7556}") = "TestServer", "Test\TestServer\TestServer.csproj", "{EC61C8B4-17A4-4A9A-9A9A-53E6DEBC6578}"
EndProject
Project("{9A19103F-16F7-4668-BE54-9A1E7A4F7556}") = "TestClient", "Test\TestClient\TestClient.csproj", "{3AC75659-BFDC-4DDF-8D31-854709F56999}"
EndProject
Project("{2150E333-8FDC-42A3-9474-1A3956D46DE8}") = "TestCall", "TestCall", "{7B8C814A-830C-4868-AD83-E1AF43C06C2B}"
EndProject
Project("{9A19103F-16F7-4668-BE54-9A1E7A4F7556}") = "Client", "Test\Client\Client.csproj", "{12BBBBF0-4E75-4F7D-B736-639A4938CA53}"
EndProject
Project("{9A19103F-16F7-4668-BE54-9A1E7A4F7556}") = "STS", "Test\STS\STS.csproj", "{951A8293-529F-49C1-B684-3A95CC30C9AE}"
EndProject
Global
	GlobalSection(SolutionConfigurationPlatforms) = preSolution
		Debug|Any CPU = Debug|Any CPU
		Release|Any CPU = Release|Any CPU
	EndGlobalSection
	GlobalSection(ProjectConfigurationPlatforms) = postSolution
		{43D50892-B702-443C-8CBA-F50CF280A516}.Debug|Any CPU.ActiveCfg = Debug|Any CPU
		{43D50892-B702-443C-8CBA-F50CF280A516}.Debug|Any CPU.Build.0 = Debug|Any CPU
		{43D50892-B702-443C-8CBA-F50CF280A516}.Release|Any CPU.ActiveCfg = Release|Any CPU
		{43D50892-B702-443C-8CBA-F50CF280A516}.Release|Any CPU.Build.0 = Release|Any CPU
		{5E201946-8DCB-4C5B-8026-1B56F652F500}.Debug|Any CPU.ActiveCfg = Debug|Any CPU
		{5E201946-8DCB-4C5B-8026-1B56F652F500}.Debug|Any CPU.Build.0 = Debug|Any CPU
		{5E201946-8DCB-4C5B-8026-1B56F652F500}.Release|Any CPU.ActiveCfg = Release|Any CPU
		{5E201946-8DCB-4C5B-8026-1B56F652F500}.Release|Any CPU.Build.0 = Release|Any CPU
		{C5DBF949-AA11-46C1-BAA2-8382C8DF206C}.Debug|Any CPU.ActiveCfg = Debug|Any CPU
		{C5DBF949-AA11-46C1-BAA2-8382C8DF206C}.Debug|Any CPU.Build.0 = Debug|Any CPU
		{C5DBF949-AA11-46C1-BAA2-8382C8DF206C}.Release|Any CPU.ActiveCfg = Release|Any CPU
		{C5DBF949-AA11-46C1-BAA2-8382C8DF206C}.Release|Any CPU.Build.0 = Release|Any CPU
		{E6423C5A-AEFF-4F9C-9E10-E583F4BFDB7A}.Debug|Any CPU.ActiveCfg = Debug|Any CPU
		{E6423C5A-AEFF-4F9C-9E10-E583F4BFDB7A}.Debug|Any CPU.Build.0 = Debug|Any CPU
		{E6423C5A-AEFF-4F9C-9E10-E583F4BFDB7A}.Release|Any CPU.ActiveCfg = Release|Any CPU
		{E6423C5A-AEFF-4F9C-9E10-E583F4BFDB7A}.Release|Any CPU.Build.0 = Release|Any CPU
		{463B7860-C594-4676-91B1-F618BC153372}.Debug|Any CPU.ActiveCfg = Debug|Any CPU
		{463B7860-C594-4676-91B1-F618BC153372}.Debug|Any CPU.Build.0 = Debug|Any CPU
		{463B7860-C594-4676-91B1-F618BC153372}.Release|Any CPU.ActiveCfg = Release|Any CPU
		{463B7860-C594-4676-91B1-F618BC153372}.Release|Any CPU.Build.0 = Release|Any CPU
		{BFDDB297-98DD-4DF1-BC9E-802893997AA6}.Debug|Any CPU.ActiveCfg = Debug|Any CPU
		{BFDDB297-98DD-4DF1-BC9E-802893997AA6}.Debug|Any CPU.Build.0 = Debug|Any CPU
		{BFDDB297-98DD-4DF1-BC9E-802893997AA6}.Release|Any CPU.ActiveCfg = Release|Any CPU
		{BFDDB297-98DD-4DF1-BC9E-802893997AA6}.Release|Any CPU.Build.0 = Release|Any CPU
		{01031C7F-E52E-4F27-B563-6E1882869C07}.Debug|Any CPU.ActiveCfg = Debug|Any CPU
		{01031C7F-E52E-4F27-B563-6E1882869C07}.Debug|Any CPU.Build.0 = Debug|Any CPU
		{01031C7F-E52E-4F27-B563-6E1882869C07}.Release|Any CPU.ActiveCfg = Release|Any CPU
		{01031C7F-E52E-4F27-B563-6E1882869C07}.Release|Any CPU.Build.0 = Release|Any CPU
		{92E94AC4-6D31-4259-90D8-145D2CAD9E51}.Debug|Any CPU.ActiveCfg = Debug|Any CPU
		{92E94AC4-6D31-4259-90D8-145D2CAD9E51}.Debug|Any CPU.Build.0 = Debug|Any CPU
		{92E94AC4-6D31-4259-90D8-145D2CAD9E51}.Release|Any CPU.ActiveCfg = Release|Any CPU
		{92E94AC4-6D31-4259-90D8-145D2CAD9E51}.Release|Any CPU.Build.0 = Release|Any CPU
		{A56B987C-41B7-47DD-B9F2-19F73DDE4A3F}.Debug|Any CPU.ActiveCfg = Debug|Any CPU
		{A56B987C-41B7-47DD-B9F2-19F73DDE4A3F}.Debug|Any CPU.Build.0 = Debug|Any CPU
		{A56B987C-41B7-47DD-B9F2-19F73DDE4A3F}.Release|Any CPU.ActiveCfg = Release|Any CPU
		{A56B987C-41B7-47DD-B9F2-19F73DDE4A3F}.Release|Any CPU.Build.0 = Release|Any CPU
		{E4B9F09C-723B-4D61-AC0A-A25C585D95E6}.Debug|Any CPU.ActiveCfg = Debug|Any CPU
		{E4B9F09C-723B-4D61-AC0A-A25C585D95E6}.Debug|Any CPU.Build.0 = Debug|Any CPU
		{E4B9F09C-723B-4D61-AC0A-A25C585D95E6}.Release|Any CPU.ActiveCfg = Release|Any CPU
		{E4B9F09C-723B-4D61-AC0A-A25C585D95E6}.Release|Any CPU.Build.0 = Release|Any CPU
		{F9456D68-B140-4B97-9D27-75700A40227B}.Debug|Any CPU.ActiveCfg = Debug|Any CPU
		{F9456D68-B140-4B97-9D27-75700A40227B}.Debug|Any CPU.Build.0 = Debug|Any CPU
		{F9456D68-B140-4B97-9D27-75700A40227B}.Release|Any CPU.ActiveCfg = Release|Any CPU
		{F9456D68-B140-4B97-9D27-75700A40227B}.Release|Any CPU.Build.0 = Release|Any CPU
		{3F705D84-D9A6-4808-9890-82D539D0B4DC}.Debug|Any CPU.ActiveCfg = Debug|Any CPU
		{3F705D84-D9A6-4808-9890-82D539D0B4DC}.Debug|Any CPU.Build.0 = Debug|Any CPU
		{3F705D84-D9A6-4808-9890-82D539D0B4DC}.Release|Any CPU.ActiveCfg = Release|Any CPU
		{3F705D84-D9A6-4808-9890-82D539D0B4DC}.Release|Any CPU.Build.0 = Release|Any CPU
		{849936B3-9718-4D60-B372-21E166B6C21F}.Debug|Any CPU.ActiveCfg = Debug|Any CPU
		{849936B3-9718-4D60-B372-21E166B6C21F}.Debug|Any CPU.Build.0 = Debug|Any CPU
		{849936B3-9718-4D60-B372-21E166B6C21F}.Release|Any CPU.ActiveCfg = Release|Any CPU
		{849936B3-9718-4D60-B372-21E166B6C21F}.Release|Any CPU.Build.0 = Release|Any CPU
		{73AAA1C8-C539-41A3-95B8-76E76A157C0F}.Debug|Any CPU.ActiveCfg = Debug|Any CPU
		{73AAA1C8-C539-41A3-95B8-76E76A157C0F}.Debug|Any CPU.Build.0 = Debug|Any CPU
		{73AAA1C8-C539-41A3-95B8-76E76A157C0F}.Release|Any CPU.ActiveCfg = Release|Any CPU
		{73AAA1C8-C539-41A3-95B8-76E76A157C0F}.Release|Any CPU.Build.0 = Release|Any CPU
		{FB4CE23B-D63B-4661-BDD5-1A13779802A3}.Debug|Any CPU.ActiveCfg = Debug|Any CPU
		{FB4CE23B-D63B-4661-BDD5-1A13779802A3}.Debug|Any CPU.Build.0 = Debug|Any CPU
		{FB4CE23B-D63B-4661-BDD5-1A13779802A3}.Release|Any CPU.ActiveCfg = Release|Any CPU
		{FB4CE23B-D63B-4661-BDD5-1A13779802A3}.Release|Any CPU.Build.0 = Release|Any CPU
		{EC61C8B4-17A4-4A9A-9A9A-53E6DEBC6578}.Debug|Any CPU.ActiveCfg = Debug|Any CPU
		{EC61C8B4-17A4-4A9A-9A9A-53E6DEBC6578}.Debug|Any CPU.Build.0 = Debug|Any CPU
		{EC61C8B4-17A4-4A9A-9A9A-53E6DEBC6578}.Release|Any CPU.ActiveCfg = Release|Any CPU
		{EC61C8B4-17A4-4A9A-9A9A-53E6DEBC6578}.Release|Any CPU.Build.0 = Release|Any CPU
		{3AC75659-BFDC-4DDF-8D31-854709F56999}.Debug|Any CPU.ActiveCfg = Debug|Any CPU
		{3AC75659-BFDC-4DDF-8D31-854709F56999}.Debug|Any CPU.Build.0 = Debug|Any CPU
		{3AC75659-BFDC-4DDF-8D31-854709F56999}.Release|Any CPU.ActiveCfg = Release|Any CPU
		{3AC75659-BFDC-4DDF-8D31-854709F56999}.Release|Any CPU.Build.0 = Release|Any CPU
		{12BBBBF0-4E75-4F7D-B736-639A4938CA53}.Debug|Any CPU.ActiveCfg = Debug|Any CPU
		{12BBBBF0-4E75-4F7D-B736-639A4938CA53}.Debug|Any CPU.Build.0 = Debug|Any CPU
		{12BBBBF0-4E75-4F7D-B736-639A4938CA53}.Release|Any CPU.ActiveCfg = Release|Any CPU
		{12BBBBF0-4E75-4F7D-B736-639A4938CA53}.Release|Any CPU.Build.0 = Release|Any CPU
		{951A8293-529F-49C1-B684-3A95CC30C9AE}.Debug|Any CPU.ActiveCfg = Debug|Any CPU
		{951A8293-529F-49C1-B684-3A95CC30C9AE}.Debug|Any CPU.Build.0 = Debug|Any CPU
		{951A8293-529F-49C1-B684-3A95CC30C9AE}.Release|Any CPU.ActiveCfg = Release|Any CPU
		{951A8293-529F-49C1-B684-3A95CC30C9AE}.Release|Any CPU.Build.0 = Release|Any CPU
	EndGlobalSection
	GlobalSection(SolutionProperties) = preSolution
		HideSolutionNode = FALSE
	EndGlobalSection
	GlobalSection(NestedProjects) = preSolution
		{BFDDB297-98DD-4DF1-BC9E-802893997AA6} = {C8632105-893E-488D-8C7C-15E510ED475C}
		{01031C7F-E52E-4F27-B563-6E1882869C07} = {C8632105-893E-488D-8C7C-15E510ED475C}
		{92E94AC4-6D31-4259-90D8-145D2CAD9E51} = {C8632105-893E-488D-8C7C-15E510ED475C}
		{A56B987C-41B7-47DD-B9F2-19F73DDE4A3F} = {C8632105-893E-488D-8C7C-15E510ED475C}
		{F9456D68-B140-4B97-9D27-75700A40227B} = {C8632105-893E-488D-8C7C-15E510ED475C}
		{3F705D84-D9A6-4808-9890-82D539D0B4DC} = {C8632105-893E-488D-8C7C-15E510ED475C}
		{E01D165A-1E31-42A4-A434-7F6CA530C810} = {C8632105-893E-488D-8C7C-15E510ED475C}
		{849936B3-9718-4D60-B372-21E166B6C21F} = {E01D165A-1E31-42A4-A434-7F6CA530C810}
		{73AAA1C8-C539-41A3-95B8-76E76A157C0F} = {E01D165A-1E31-42A4-A434-7F6CA530C810}
		{FB4CE23B-D63B-4661-BDD5-1A13779802A3} = {C8632105-893E-488D-8C7C-15E510ED475C}
		{2BDDDC12-8FE4-4D7C-A266-6104EDB8C161} = {C8632105-893E-488D-8C7C-15E510ED475C}
		{EC61C8B4-17A4-4A9A-9A9A-53E6DEBC6578} = {2BDDDC12-8FE4-4D7C-A266-6104EDB8C161}
		{3AC75659-BFDC-4DDF-8D31-854709F56999} = {2BDDDC12-8FE4-4D7C-A266-6104EDB8C161}
		{7B8C814A-830C-4868-AD83-E1AF43C06C2B} = {C8632105-893E-488D-8C7C-15E510ED475C}
		{12BBBBF0-4E75-4F7D-B736-639A4938CA53} = {7B8C814A-830C-4868-AD83-E1AF43C06C2B}
		{951A8293-529F-49C1-B684-3A95CC30C9AE} = {7B8C814A-830C-4868-AD83-E1AF43C06C2B}
	EndGlobalSection
	GlobalSection(ExtensibilityGlobals) = postSolution
		SolutionGuid = {09FC1CD3-66A1-4D86-BFBB-65B13B170C01}
	EndGlobalSection
EndGlobal
