
Microsoft Visual Studio Solution File, Format Version 12.00
# Visual Studio Version 16
VisualStudioVersion = 16.0.28803.202
MinimumVisualStudioVersion = 10.0.40219.1
Project("{9A19103F-16F7-4668-BE54-9A1E7A4F7556}") = "NetxClient-standard2", "NetxClient\NetxClient-standard2.csproj", "{470100AB-6B01-451A-A3F0-6EE428ED1EB3}"
EndProject
Project("{9A19103F-16F7-4668-BE54-9A1E7A4F7556}") = "NetxFrame-standard2", "NetxFrame\NetxFrame-standard2.csproj", "{B674C309-CCA4-441F-8195-A7421F6AAE63}"
EndProject
Global
	GlobalSection(SolutionConfigurationPlatforms) = preSolution
		Debug|Any CPU = Debug|Any CPU
		Release|Any CPU = Release|Any CPU
	EndGlobalSection
	GlobalSection(ProjectConfigurationPlatforms) = postSolution
		{470100AB-6B01-451A-A3F0-6EE428ED1EB3}.Debug|Any CPU.ActiveCfg = Debug|Any CPU
		{470100AB-6B01-451A-A3F0-6EE428ED1EB3}.Debug|Any CPU.Build.0 = Debug|Any CPU
		{470100AB-6B01-451A-A3F0-6EE428ED1EB3}.Release|Any CPU.ActiveCfg = Release|Any CPU
		{470100AB-6B01-451A-A3F0-6EE428ED1EB3}.Release|Any CPU.Build.0 = Release|Any CPU
		{B674C309-CCA4-441F-8195-A7421F6AAE63}.Debug|Any CPU.ActiveCfg = Debug|Any CPU
		{B674C309-CCA4-441F-8195-A7421F6AAE63}.Debug|Any CPU.Build.0 = Debug|Any CPU
		{B674C309-CCA4-441F-8195-A7421F6AAE63}.Release|Any CPU.ActiveCfg = Release|Any CPU
		{B674C309-CCA4-441F-8195-A7421F6AAE63}.Release|Any CPU.Build.0 = Release|Any CPU
	EndGlobalSection
	GlobalSection(SolutionProperties) = preSolution
		HideSolutionNode = FALSE
	EndGlobalSection
	GlobalSection(ExtensibilityGlobals) = postSolution
		SolutionGuid = {09FC1CD3-66A1-4D86-BFBB-65B13B170C01}
	EndGlobalSection
EndGlobal
